Microsoft Visual Studio Solution File, Format Version 11.00
# Visual Studio 2008

Project("{540F3822-BF2B-E239-27EC-710EB2007FAC}") = "TempRumble", "Assembly-CSharp.csproj", "{869E1CD4-64BD-30B8-0C30-CEA82D1B8D2D}"
EndProject
Global
	GlobalSection(SolutionConfigurationPlatforms) = preSolution
		Debug|Any CPU = Debug|Any CPU
		Release|Any CPU = Release|Any CPU
	EndGlobalSection
	GlobalSection(ProjectConfigurationPlatforms) = postSolution
		{869E1CD4-64BD-30B8-0C30-CEA82D1B8D2D}.Debug|Any CPU.ActiveCfg = Debug|Any CPU
		{869E1CD4-64BD-30B8-0C30-CEA82D1B8D2D}.Debug|Any CPU.Build.0 = Debug|Any CPU
		{869E1CD4-64BD-30B8-0C30-CEA82D1B8D2D}.Release|Any CPU.ActiveCfg = Release|Any CPU
		{869E1CD4-64BD-30B8-0C30-CEA82D1B8D2D}.Release|Any CPU.Build.0 = Release|Any CPU
	EndGlobalSection
	GlobalSection(SolutionProperties) = preSolution
		HideSolutionNode = FALSE
	EndGlobalSection
	GlobalSection(MonoDevelopProperties) = preSolution
		StartupItem = Assembly-CSharp.csproj
	EndGlobalSection
EndGlobal
